
Microsoft Visual Studio Solution File, Format Version 12.00
# Visual Studio Version 17
VisualStudioVersion = 17.8.34309.116
MinimumVisualStudioVersion = 10.0.40219.1
Project("{8BC9CEB8-8B4A-11D0-8D11-00A0C91BC942}") = "L20231117Mornning", "L20231117Mornning.vcxproj", "{E113AC98-B087-46D9-89BF-623F096152EB}"
EndProject
Global
	GlobalSection(SolutionConfigurationPlatforms) = preSolution
		Debug|x64 = Debug|x64
		Debug|x86 = Debug|x86
		Release|x64 = Release|x64
		Release|x86 = Release|x86
	EndGlobalSection
	GlobalSection(ProjectConfigurationPlatforms) = postSolution
		{E113AC98-B087-46D9-89BF-623F096152EB}.Debug|x64.ActiveCfg = Debug|x64
		{E113AC98-B087-46D9-89BF-623F096152EB}.Debug|x64.Build.0 = Debug|x64
		{E113AC98-B087-46D9-89BF-623F096152EB}.Debug|x86.ActiveCfg = Debug|Win32
		{E113AC98-B087-46D9-89BF-623F096152EB}.Debug|x86.Build.0 = Debug|Win32
		{E113AC98-B087-46D9-89BF-623F096152EB}.Release|x64.ActiveCfg = Release|x64
		{E113AC98-B087-46D9-89BF-623F096152EB}.Release|x64.Build.0 = Release|x64
		{E113AC98-B087-46D9-89BF-623F096152EB}.Release|x86.ActiveCfg = Release|Win32
		{E113AC98-B087-46D9-89BF-623F096152EB}.Release|x86.Build.0 = Release|Win32
	EndGlobalSection
	GlobalSection(SolutionProperties) = preSolution
		HideSolutionNode = FALSE
	EndGlobalSection
	GlobalSection(ExtensibilityGlobals) = postSolution
		SolutionGuid = {820C5D54-852B-481B-ABF5-1D39442A0705}
	EndGlobalSection
EndGlobal
